// !$*UTF8*$!
{
	archiveVersion = 1;
	classes = {
	};
	objectVersion = 55;
	objects = {

/* Begin PBXBuildFile section */
		7BAC8C69276F52D2003A752C /* AppDelegate.swift in Sources */ = {isa = PBXBuildFile; fileRef = 7BAC8C68276F52D2003A752C /* AppDelegate.swift */; };
		7BAC8C6B276F52D2003A752C /* SceneDelegate.swift in Sources */ = {isa = PBXBuildFile; fileRef = 7BAC8C6A276F52D2003A752C /* SceneDelegate.swift */; };
		7BAC8C6D276F52D2003A752C /* SigninViewContoller.swift in Sources */ = {isa = PBXBuildFile; fileRef = 7BAC8C6C276F52D2003A752C /* SigninViewContoller.swift */; };
		7BAC8C70276F52D2003A752C /* Main.storyboard in Resources */ = {isa = PBXBuildFile; fileRef = 7BAC8C6E276F52D2003A752C /* Main.storyboard */; };
		7BAC8C72276F52D4003A752C /* Assets.xcassets in Resources */ = {isa = PBXBuildFile; fileRef = 7BAC8C71276F52D4003A752C /* Assets.xcassets */; };
		7BAC8C75276F52D4003A752C /* LaunchScreen.storyboard in Resources */ = {isa = PBXBuildFile; fileRef = 7BAC8C73276F52D4003A752C /* LaunchScreen.storyboard */; };
		7BAC8C83276F60B2003A752C /* HomeViewController.swift in Sources */ = {isa = PBXBuildFile; fileRef = 7BAC8C82276F60B2003A752C /* HomeViewController.swift */; };
		7BAC8C86276F60F1003A752C /* SignupEmailViewController.swift in Sources */ = {isa = PBXBuildFile; fileRef = 7BAC8C85276F60F1003A752C /* SignupEmailViewController.swift */; };
		7BAC8C89276F611C003A752C /* ViewConfiguration.swift in Sources */ = {isa = PBXBuildFile; fileRef = 7BAC8C88276F611C003A752C /* ViewConfiguration.swift */; };
		7BAC8C90276F62DE003A752C /* CustomTextField.swift in Sources */ = {isa = PBXBuildFile; fileRef = 7BAC8C8F276F62DE003A752C /* CustomTextField.swift */; };
		7BAC8C94276F6340003A752C /* UIView+.swift in Sources */ = {isa = PBXBuildFile; fileRef = 7BAC8C93276F6340003A752C /* UIView+.swift */; };
		7BAC8C96276F74FC003A752C /* NetworkServiceManager.swift in Sources */ = {isa = PBXBuildFile; fileRef = 7BAC8C95276F74FC003A752C /* NetworkServiceManager.swift */; };
		7BAC8C98276F753D003A752C /* HttpMethod.swift in Sources */ = {isa = PBXBuildFile; fileRef = 7BAC8C97276F753D003A752C /* HttpMethod.swift */; };
		7BAC8C9B276F761B003A752C /* SigninModel.swift in Sources */ = {isa = PBXBuildFile; fileRef = 7BAC8C9A276F761B003A752C /* SigninModel.swift */; };
		7BAC8C9D276F77E4003A752C /* NetworkingError.swift in Sources */ = {isa = PBXBuildFile; fileRef = 7BAC8C9C276F77E4003A752C /* NetworkingError.swift */; };
		7BAC8C9F276F78AC003A752C /* ErrorResponse.swift in Sources */ = {isa = PBXBuildFile; fileRef = 7BAC8C9E276F78AC003A752C /* ErrorResponse.swift */; };
		7BAC8CA1276F78D7003A752C /* UserInfo.swift in Sources */ = {isa = PBXBuildFile; fileRef = 7BAC8CA0276F78D7003A752C /* UserInfo.swift */; };
		7BAC8CA3276F79B4003A752C /* SignupModel.swift in Sources */ = {isa = PBXBuildFile; fileRef = 7BAC8CA2276F79B4003A752C /* SignupModel.swift */; };
		7BAC8CA5276F7A19003A752C /* AlertManager.swift in Sources */ = {isa = PBXBuildFile; fileRef = 7BAC8CA4276F7A19003A752C /* AlertManager.swift */; };
		7BAC8CA7276F85CD003A752C /* SignupPasswordViewController.swift in Sources */ = {isa = PBXBuildFile; fileRef = 7BAC8CA6276F85CD003A752C /* SignupPasswordViewController.swift */; };
		7BAC8CA9276F8EC1003A752C /* String+.swift in Sources */ = {isa = PBXBuildFile; fileRef = 7BAC8CA8276F8EC1003A752C /* String+.swift */; };
		7BAC8CAB276F9EA4003A752C /* SignupNameViewController.swift in Sources */ = {isa = PBXBuildFile; fileRef = 7BAC8CAA276F9EA4003A752C /* SignupNameViewController.swift */; };
		7BAC8CAD276F9EB4003A752C /* SignupNickNameViewController.swift in Sources */ = {isa = PBXBuildFile; fileRef = 7BAC8CAC276F9EB4003A752C /* SignupNickNameViewController.swift */; };
/* End PBXBuildFile section */

/* Begin PBXFileReference section */
		7BAC8C65276F52D2003A752C /* authSystemClient.app */ = {isa = PBXFileReference; explicitFileType = wrapper.application; includeInIndex = 0; path = authSystemClient.app; sourceTree = BUILT_PRODUCTS_DIR; };
		7BAC8C68276F52D2003A752C /* AppDelegate.swift */ = {isa = PBXFileReference; lastKnownFileType = sourcecode.swift; path = AppDelegate.swift; sourceTree = "<group>"; };
		7BAC8C6A276F52D2003A752C /* SceneDelegate.swift */ = {isa = PBXFileReference; lastKnownFileType = sourcecode.swift; path = SceneDelegate.swift; sourceTree = "<group>"; };
		7BAC8C6C276F52D2003A752C /* SigninViewContoller.swift */ = {isa = PBXFileReference; lastKnownFileType = sourcecode.swift; path = SigninViewContoller.swift; sourceTree = "<group>"; };
		7BAC8C6F276F52D2003A752C /* Base */ = {isa = PBXFileReference; lastKnownFileType = file.storyboard; name = Base; path = Base.lproj/Main.storyboard; sourceTree = "<group>"; };
		7BAC8C71276F52D4003A752C /* Assets.xcassets */ = {isa = PBXFileReference; lastKnownFileType = folder.assetcatalog; path = Assets.xcassets; sourceTree = "<group>"; };
		7BAC8C74276F52D4003A752C /* Base */ = {isa = PBXFileReference; lastKnownFileType = file.storyboard; name = Base; path = Base.lproj/LaunchScreen.storyboard; sourceTree = "<group>"; };
		7BAC8C76276F52D4003A752C /* Info.plist */ = {isa = PBXFileReference; lastKnownFileType = text.plist.xml; name = Info.plist; path = authSystemClient/SupportFile/Info.plist; sourceTree = SOURCE_ROOT; };
		7BAC8C82276F60B2003A752C /* HomeViewController.swift */ = {isa = PBXFileReference; lastKnownFileType = sourcecode.swift; path = HomeViewController.swift; sourceTree = "<group>"; };
		7BAC8C85276F60F1003A752C /* SignupEmailViewController.swift */ = {isa = PBXFileReference; lastKnownFileType = sourcecode.swift; path = SignupEmailViewController.swift; sourceTree = "<group>"; };
		7BAC8C88276F611C003A752C /* ViewConfiguration.swift */ = {isa = PBXFileReference; lastKnownFileType = sourcecode.swift; path = ViewConfiguration.swift; sourceTree = "<group>"; };
		7BAC8C8F276F62DE003A752C /* CustomTextField.swift */ = {isa = PBXFileReference; lastKnownFileType = sourcecode.swift; path = CustomTextField.swift; sourceTree = "<group>"; };
		7BAC8C93276F6340003A752C /* UIView+.swift */ = {isa = PBXFileReference; lastKnownFileType = sourcecode.swift; path = "UIView+.swift"; sourceTree = "<group>"; };
		7BAC8C95276F74FC003A752C /* NetworkServiceManager.swift */ = {isa = PBXFileReference; lastKnownFileType = sourcecode.swift; path = NetworkServiceManager.swift; sourceTree = "<group>"; };
		7BAC8C97276F753D003A752C /* HttpMethod.swift */ = {isa = PBXFileReference; lastKnownFileType = sourcecode.swift; path = HttpMethod.swift; sourceTree = "<group>"; };
		7BAC8C9A276F761B003A752C /* SigninModel.swift */ = {isa = PBXFileReference; lastKnownFileType = sourcecode.swift; path = SigninModel.swift; sourceTree = "<group>"; };
		7BAC8C9C276F77E4003A752C /* NetworkingError.swift */ = {isa = PBXFileReference; lastKnownFileType = sourcecode.swift; path = NetworkingError.swift; sourceTree = "<group>"; };
		7BAC8C9E276F78AC003A752C /* ErrorResponse.swift */ = {isa = PBXFileReference; lastKnownFileType = sourcecode.swift; path = ErrorResponse.swift; sourceTree = "<group>"; };
		7BAC8CA0276F78D7003A752C /* UserInfo.swift */ = {isa = PBXFileReference; lastKnownFileType = sourcecode.swift; path = UserInfo.swift; sourceTree = "<group>"; };
		7BAC8CA2276F79B4003A752C /* SignupModel.swift */ = {isa = PBXFileReference; lastKnownFileType = sourcecode.swift; path = SignupModel.swift; sourceTree = "<group>"; };
		7BAC8CA4276F7A19003A752C /* AlertManager.swift */ = {isa = PBXFileReference; lastKnownFileType = sourcecode.swift; path = AlertManager.swift; sourceTree = "<group>"; };
		7BAC8CA6276F85CD003A752C /* SignupPasswordViewController.swift */ = {isa = PBXFileReference; lastKnownFileType = sourcecode.swift; path = SignupPasswordViewController.swift; sourceTree = "<group>"; };
		7BAC8CA8276F8EC1003A752C /* String+.swift */ = {isa = PBXFileReference; lastKnownFileType = sourcecode.swift; path = "String+.swift"; sourceTree = "<group>"; };
		7BAC8CAA276F9EA4003A752C /* SignupNameViewController.swift */ = {isa = PBXFileReference; lastKnownFileType = sourcecode.swift; path = SignupNameViewController.swift; sourceTree = "<group>"; };
		7BAC8CAC276F9EB4003A752C /* SignupNickNameViewController.swift */ = {isa = PBXFileReference; lastKnownFileType = sourcecode.swift; path = SignupNickNameViewController.swift; sourceTree = "<group>"; };
/* End PBXFileReference section */

/* Begin PBXFrameworksBuildPhase section */
		7BAC8C62276F52D2003A752C /* Frameworks */ = {
			isa = PBXFrameworksBuildPhase;
			buildActionMask = 2147483647;
			files = (
			);
			runOnlyForDeploymentPostprocessing = 0;
		};
/* End PBXFrameworksBuildPhase section */

/* Begin PBXGroup section */
		7BAC8C5C276F52D2003A752C = {
			isa = PBXGroup;
			children = (
				7BAC8C67276F52D2003A752C /* authSystemClient */,
				7BAC8C66276F52D2003A752C /* Products */,
			);
			sourceTree = "<group>";
		};
		7BAC8C66276F52D2003A752C /* Products */ = {
			isa = PBXGroup;
			children = (
				7BAC8C65276F52D2003A752C /* authSystemClient.app */,
			);
			name = Products;
			sourceTree = "<group>";
		};
		7BAC8C67276F52D2003A752C /* authSystemClient */ = {
			isa = PBXGroup;
			children = (
				7BAC8C7E276F6081003A752C /* Entry */,
				7BAC8C7F276F6093003A752C /* Scene */,
				7BAC8C8A276F6147003A752C /* Util */,
				7BAC8C8B276F614E003A752C /* Network */,
				7BAC8C8C276F6156003A752C /* SupportFile */,
			);
			path = authSystemClient;
			sourceTree = "<group>";
		};
		7BAC8C7E276F6081003A752C /* Entry */ = {
			isa = PBXGroup;
			children = (
				7BAC8C68276F52D2003A752C /* AppDelegate.swift */,
				7BAC8C6A276F52D2003A752C /* SceneDelegate.swift */,
			);
			path = Entry;
			sourceTree = "<group>";
		};
		7BAC8C7F276F6093003A752C /* Scene */ = {
			isa = PBXGroup;
			children = (
				7BAC8C6E276F52D2003A752C /* Main.storyboard */,
				7BAC8C8E276F62C3003A752C /* UIElement */,
				7BAC8C87276F610D003A752C /* Base */,
				7BAC8C80276F609A003A752C /* Signin */,
				7BAC8C84276F60D6003A752C /* Signup */,
				7BAC8C81276F60A6003A752C /* Home */,
			);
			path = Scene;
			sourceTree = "<group>";
		};
		7BAC8C80276F609A003A752C /* Signin */ = {
			isa = PBXGroup;
			children = (
				7BAC8C6C276F52D2003A752C /* SigninViewContoller.swift */,
			);
			path = Signin;
			sourceTree = "<group>";
		};
		7BAC8C81276F60A6003A752C /* Home */ = {
			isa = PBXGroup;
			children = (
				7BAC8C82276F60B2003A752C /* HomeViewController.swift */,
			);
			path = Home;
			sourceTree = "<group>";
		};
		7BAC8C84276F60D6003A752C /* Signup */ = {
			isa = PBXGroup;
			children = (
				7BAC8C85276F60F1003A752C /* SignupEmailViewController.swift */,
				7BAC8CA6276F85CD003A752C /* SignupPasswordViewController.swift */,
				7BAC8CAA276F9EA4003A752C /* SignupNameViewController.swift */,
				7BAC8CAC276F9EB4003A752C /* SignupNickNameViewController.swift */,
			);
			path = Signup;
			sourceTree = "<group>";
		};
		7BAC8C87276F610D003A752C /* Base */ = {
			isa = PBXGroup;
			children = (
				7BAC8C88276F611C003A752C /* ViewConfiguration.swift */,
			);
			path = Base;
			sourceTree = "<group>";
		};
		7BAC8C8A276F6147003A752C /* Util */ = {
			isa = PBXGroup;
			children = (
				7BAC8C92276F631C003A752C /* Extension */,
				7BAC8CA4276F7A19003A752C /* AlertManager.swift */,
			);
			path = Util;
			sourceTree = "<group>";
		};
		7BAC8C8B276F614E003A752C /* Network */ = {
			isa = PBXGroup;
			children = (
				7BAC8C8D276F61FA003A752C /* Entity */,
				7BAC8C95276F74FC003A752C /* NetworkServiceManager.swift */,
				7BAC8C97276F753D003A752C /* HttpMethod.swift */,
				7BAC8C9C276F77E4003A752C /* NetworkingError.swift */,
			);
			path = Network;
			sourceTree = "<group>";
		};
		7BAC8C8C276F6156003A752C /* SupportFile */ = {
			isa = PBXGroup;
			children = (
				7BAC8C76276F52D4003A752C /* Info.plist */,
				7BAC8C71276F52D4003A752C /* Assets.xcassets */,
				7BAC8C73276F52D4003A752C /* LaunchScreen.storyboard */,
			);
			path = SupportFile;
			sourceTree = "<group>";
		};
		7BAC8C8D276F61FA003A752C /* Entity */ = {
			isa = PBXGroup;
			children = (
				7BAC8C9A276F761B003A752C /* SigninModel.swift */,
				7BAC8CA2276F79B4003A752C /* SignupModel.swift */,
				7BAC8CA0276F78D7003A752C /* UserInfo.swift */,
				7BAC8C9E276F78AC003A752C /* ErrorResponse.swift */,
			);
			path = Entity;
			sourceTree = "<group>";
		};
		7BAC8C8E276F62C3003A752C /* UIElement */ = {
			isa = PBXGroup;
			children = (
				7BAC8C8F276F62DE003A752C /* CustomTextField.swift */,
			);
			path = UIElement;
			sourceTree = "<group>";
		};
		7BAC8C92276F631C003A752C /* Extension */ = {
			isa = PBXGroup;
			children = (
				7BAC8C93276F6340003A752C /* UIView+.swift */,
				7BAC8CA8276F8EC1003A752C /* String+.swift */,
			);
			path = Extension;
			sourceTree = "<group>";
		};
/* End PBXGroup section */

/* Begin PBXNativeTarget section */
		7BAC8C64276F52D2003A752C /* authSystemClient */ = {
			isa = PBXNativeTarget;
			buildConfigurationList = 7BAC8C79276F52D4003A752C /* Build configuration list for PBXNativeTarget "authSystemClient" */;
			buildPhases = (
				7BAC8C61276F52D2003A752C /* Sources */,
				7BAC8C62276F52D2003A752C /* Frameworks */,
				7BAC8C63276F52D2003A752C /* Resources */,
			);
			buildRules = (
			);
			dependencies = (
			);
			name = authSystemClient;
			productName = authSystemClient;
			productReference = 7BAC8C65276F52D2003A752C /* authSystemClient.app */;
			productType = "com.apple.product-type.application";
		};
/* End PBXNativeTarget section */

/* Begin PBXProject section */
		7BAC8C5D276F52D2003A752C /* Project object */ = {
			isa = PBXProject;
			attributes = {
				BuildIndependentTargetsInParallel = 1;
				LastSwiftUpdateCheck = 1310;
				LastUpgradeCheck = 1310;
				TargetAttributes = {
					7BAC8C64276F52D2003A752C = {
						CreatedOnToolsVersion = 13.1;
					};
				};
			};
			buildConfigurationList = 7BAC8C60276F52D2003A752C /* Build configuration list for PBXProject "authSystemClient" */;
			compatibilityVersion = "Xcode 13.0";
			developmentRegion = en;
			hasScannedForEncodings = 0;
			knownRegions = (
				en,
				Base,
			);
			mainGroup = 7BAC8C5C276F52D2003A752C;
			productRefGroup = 7BAC8C66276F52D2003A752C /* Products */;
			projectDirPath = "";
			projectRoot = "";
			targets = (
				7BAC8C64276F52D2003A752C /* authSystemClient */,
			);
		};
/* End PBXProject section */

/* Begin PBXResourcesBuildPhase section */
		7BAC8C63276F52D2003A752C /* Resources */ = {
			isa = PBXResourcesBuildPhase;
			buildActionMask = 2147483647;
			files = (
				7BAC8C75276F52D4003A752C /* LaunchScreen.storyboard in Resources */,
				7BAC8C72276F52D4003A752C /* Assets.xcassets in Resources */,
				7BAC8C70276F52D2003A752C /* Main.storyboard in Resources */,
			);
			runOnlyForDeploymentPostprocessing = 0;
		};
/* End PBXResourcesBuildPhase section */

/* Begin PBXSourcesBuildPhase section */
		7BAC8C61276F52D2003A752C /* Sources */ = {
			isa = PBXSourcesBuildPhase;
			buildActionMask = 2147483647;
			files = (
				7BAC8CA5276F7A19003A752C /* AlertManager.swift in Sources */,
				7BAC8C90276F62DE003A752C /* CustomTextField.swift in Sources */,
				7BAC8C6D276F52D2003A752C /* SigninViewContoller.swift in Sources */,
				7BAC8C98276F753D003A752C /* HttpMethod.swift in Sources */,
				7BAC8C9B276F761B003A752C /* SigninModel.swift in Sources */,
				7BAC8C69276F52D2003A752C /* AppDelegate.swift in Sources */,
				7BAC8C86276F60F1003A752C /* SignupEmailViewController.swift in Sources */,
				7BAC8C94276F6340003A752C /* UIView+.swift in Sources */,
				7BAC8C6B276F52D2003A752C /* SceneDelegate.swift in Sources */,
				7BAC8C83276F60B2003A752C /* HomeViewController.swift in Sources */,
				7BAC8CAB276F9EA4003A752C /* SignupNameViewController.swift in Sources */,
				7BAC8CA9276F8EC1003A752C /* String+.swift in Sources */,
				7BAC8CA7276F85CD003A752C /* SignupPasswordViewController.swift in Sources */,
				7BAC8C89276F611C003A752C /* ViewConfiguration.swift in Sources */,
				7BAC8C9D276F77E4003A752C /* NetworkingError.swift in Sources */,
				7BAC8CA3276F79B4003A752C /* SignupModel.swift in Sources */,
				7BAC8C96276F74FC003A752C /* NetworkServiceManager.swift in Sources */,
				7BAC8C9F276F78AC003A752C /* ErrorResponse.swift in Sources */,
				7BAC8CA1276F78D7003A752C /* UserInfo.swift in Sources */,
				7BAC8CAD276F9EB4003A752C /* SignupNickNameViewController.swift in Sources */,
			);
			runOnlyForDeploymentPostprocessing = 0;
		};
/* End PBXSourcesBuildPhase section */

/* Begin PBXVariantGroup section */
		7BAC8C6E276F52D2003A752C /* Main.storyboard */ = {
			isa = PBXVariantGroup;
			children = (
				7BAC8C6F276F52D2003A752C /* Base */,
			);
			name = Main.storyboard;
			sourceTree = "<group>";
		};
		7BAC8C73276F52D4003A752C /* LaunchScreen.storyboard */ = {
			isa = PBXVariantGroup;
			children = (
				7BAC8C74276F52D4003A752C /* Base */,
			);
			name = LaunchScreen.storyboard;
			sourceTree = "<group>";
		};
/* End PBXVariantGroup section */

/* Begin XCBuildConfiguration section */
		7BAC8C77276F52D4003A752C /* Debug */ = {
			isa = XCBuildConfiguration;
			buildSettings = {
				ALWAYS_SEARCH_USER_PATHS = NO;
				CLANG_ANALYZER_NONNULL = YES;
				CLANG_ANALYZER_NUMBER_OBJECT_CONVERSION = YES_AGGRESSIVE;
				CLANG_CXX_LANGUAGE_STANDARD = "gnu++17";
				CLANG_CXX_LIBRARY = "libc++";
				CLANG_ENABLE_MODULES = YES;
				CLANG_ENABLE_OBJC_ARC = YES;
				CLANG_ENABLE_OBJC_WEAK = YES;
				CLANG_WARN_BLOCK_CAPTURE_AUTORELEASING = YES;
				CLANG_WARN_BOOL_CONVERSION = YES;
				CLANG_WARN_COMMA = YES;
				CLANG_WARN_CONSTANT_CONVERSION = YES;
				CLANG_WARN_DEPRECATED_OBJC_IMPLEMENTATIONS = YES;
				CLANG_WARN_DIRECT_OBJC_ISA_USAGE = YES_ERROR;
				CLANG_WARN_DOCUMENTATION_COMMENTS = YES;
				CLANG_WARN_EMPTY_BODY = YES;
				CLANG_WARN_ENUM_CONVERSION = YES;
				CLANG_WARN_INFINITE_RECURSION = YES;
				CLANG_WARN_INT_CONVERSION = YES;
				CLANG_WARN_NON_LITERAL_NULL_CONVERSION = YES;
				CLANG_WARN_OBJC_IMPLICIT_RETAIN_SELF = YES;
				CLANG_WARN_OBJC_LITERAL_CONVERSION = YES;
				CLANG_WARN_OBJC_ROOT_CLASS = YES_ERROR;
				CLANG_WARN_QUOTED_INCLUDE_IN_FRAMEWORK_HEADER = YES;
				CLANG_WARN_RANGE_LOOP_ANALYSIS = YES;
				CLANG_WARN_STRICT_PROTOTYPES = YES;
				CLANG_WARN_SUSPICIOUS_MOVE = YES;
				CLANG_WARN_UNGUARDED_AVAILABILITY = YES_AGGRESSIVE;
				CLANG_WARN_UNREACHABLE_CODE = YES;
				CLANG_WARN__DUPLICATE_METHOD_MATCH = YES;
				COPY_PHASE_STRIP = NO;
				DEBUG_INFORMATION_FORMAT = dwarf;
				ENABLE_STRICT_OBJC_MSGSEND = YES;
				ENABLE_TESTABILITY = YES;
				GCC_C_LANGUAGE_STANDARD = gnu11;
				GCC_DYNAMIC_NO_PIC = NO;
				GCC_NO_COMMON_BLOCKS = YES;
				GCC_OPTIMIZATION_LEVEL = 0;
				GCC_PREPROCESSOR_DEFINITIONS = (
					"DEBUG=1",
					"$(inherited)",
				);
				GCC_WARN_64_TO_32_BIT_CONVERSION = YES;
				GCC_WARN_ABOUT_RETURN_TYPE = YES_ERROR;
				GCC_WARN_UNDECLARED_SELECTOR = YES;
				GCC_WARN_UNINITIALIZED_AUTOS = YES_AGGRESSIVE;
				GCC_WARN_UNUSED_FUNCTION = YES;
				GCC_WARN_UNUSED_VARIABLE = YES;
				IPHONEOS_DEPLOYMENT_TARGET = 15.0;
				MTL_ENABLE_DEBUG_INFO = INCLUDE_SOURCE;
				MTL_FAST_MATH = YES;
				ONLY_ACTIVE_ARCH = YES;
				SDKROOT = iphoneos;
				SWIFT_ACTIVE_COMPILATION_CONDITIONS = DEBUG;
				SWIFT_OPTIMIZATION_LEVEL = "-Onone";
			};
			name = Debug;
		};
		7BAC8C78276F52D4003A752C /* Release */ = {
			isa = XCBuildConfiguration;
			buildSettings = {
				ALWAYS_SEARCH_USER_PATHS = NO;
				CLANG_ANALYZER_NONNULL = YES;
				CLANG_ANALYZER_NUMBER_OBJECT_CONVERSION = YES_AGGRESSIVE;
				CLANG_CXX_LANGUAGE_STANDARD = "gnu++17";
				CLANG_CXX_LIBRARY = "libc++";
				CLANG_ENABLE_MODULES = YES;
				CLANG_ENABLE_OBJC_ARC = YES;
				CLANG_ENABLE_OBJC_WEAK = YES;
				CLANG_WARN_BLOCK_CAPTURE_AUTORELEASING = YES;
				CLANG_WARN_BOOL_CONVERSION = YES;
				CLANG_WARN_COMMA = YES;
				CLANG_WARN_CONSTANT_CONVERSION = YES;
				CLANG_WARN_DEPRECATED_OBJC_IMPLEMENTATIONS = YES;
				CLANG_WARN_DIRECT_OBJC_ISA_USAGE = YES_ERROR;
				CLANG_WARN_DOCUMENTATION_COMMENTS = YES;
				CLANG_WARN_EMPTY_BODY = YES;
				CLANG_WARN_ENUM_CONVERSION = YES;
				CLANG_WARN_INFINITE_RECURSION = YES;
				CLANG_WARN_INT_CONVERSION = YES;
				CLANG_WARN_NON_LITERAL_NULL_CONVERSION = YES;
				CLANG_WARN_OBJC_IMPLICIT_RETAIN_SELF = YES;
				CLANG_WARN_OBJC_LITERAL_CONVERSION = YES;
				CLANG_WARN_OBJC_ROOT_CLASS = YES_ERROR;
				CLANG_WARN_QUOTED_INCLUDE_IN_FRAMEWORK_HEADER = YES;
				CLANG_WARN_RANGE_LOOP_ANALYSIS = YES;
				CLANG_WARN_STRICT_PROTOTYPES = YES;
				CLANG_WARN_SUSPICIOUS_MOVE = YES;
				CLANG_WARN_UNGUARDED_AVAILABILITY = YES_AGGRESSIVE;
				CLANG_WARN_UNREACHABLE_CODE = YES;
				CLANG_WARN__DUPLICATE_METHOD_MATCH = YES;
				COPY_PHASE_STRIP = NO;
				DEBUG_INFORMATION_FORMAT = "dwarf-with-dsym";
				ENABLE_NS_ASSERTIONS = NO;
				ENABLE_STRICT_OBJC_MSGSEND = YES;
				GCC_C_LANGUAGE_STANDARD = gnu11;
				GCC_NO_COMMON_BLOCKS = YES;
				GCC_WARN_64_TO_32_BIT_CONVERSION = YES;
				GCC_WARN_ABOUT_RETURN_TYPE = YES_ERROR;
				GCC_WARN_UNDECLARED_SELECTOR = YES;
				GCC_WARN_UNINITIALIZED_AUTOS = YES_AGGRESSIVE;
				GCC_WARN_UNUSED_FUNCTION = YES;
				GCC_WARN_UNUSED_VARIABLE = YES;
				IPHONEOS_DEPLOYMENT_TARGET = 15.0;
				MTL_ENABLE_DEBUG_INFO = NO;
				MTL_FAST_MATH = YES;
				SDKROOT = iphoneos;
				SWIFT_COMPILATION_MODE = wholemodule;
				SWIFT_OPTIMIZATION_LEVEL = "-O";
				VALIDATE_PRODUCT = YES;
			};
			name = Release;
		};
		7BAC8C7A276F52D4003A752C /* Debug */ = {
			isa = XCBuildConfiguration;
			buildSettings = {
				ASSETCATALOG_COMPILER_APPICON_NAME = AppIcon;
				ASSETCATALOG_COMPILER_GLOBAL_ACCENT_COLOR_NAME = AccentColor;
				CODE_SIGN_STYLE = Automatic;
				CURRENT_PROJECT_VERSION = 1;
				DEVELOPMENT_TEAM = 6U5233X9SB;
				GENERATE_INFOPLIST_FILE = YES;
				INFOPLIST_FILE = authSystemClient/SupportFile/Info.plist;
				INFOPLIST_KEY_UIApplicationSupportsIndirectInputEvents = YES;
				INFOPLIST_KEY_UILaunchStoryboardName = LaunchScreen;
				INFOPLIST_KEY_UIMainStoryboardFile = Main;
				INFOPLIST_KEY_UISupportedInterfaceOrientations_iPad = "UIInterfaceOrientationPortrait UIInterfaceOrientationPortraitUpsideDown UIInterfaceOrientationLandscapeLeft UIInterfaceOrientationLandscapeRight";
				INFOPLIST_KEY_UISupportedInterfaceOrientations_iPhone = "UIInterfaceOrientationPortrait UIInterfaceOrientationLandscapeLeft UIInterfaceOrientationLandscapeRight";
				LD_RUNPATH_SEARCH_PATHS = (
					"$(inherited)",
					"@executable_path/Frameworks",
				);
				MARKETING_VERSION = 1.0;
				PRODUCT_BUNDLE_IDENTIFIER = sgs.devCamp.authSystemClient;
				PRODUCT_NAME = "$(TARGET_NAME)";
				SWIFT_EMIT_LOC_STRINGS = YES;
				SWIFT_VERSION = 5.0;
				TARGETED_DEVICE_FAMILY = "1,2";
			};
			name = Debug;
		};
		7BAC8C7B276F52D4003A752C /* Release */ = {
			isa = XCBuildConfiguration;
			buildSettings = {
				ASSETCATALOG_COMPILER_APPICON_NAME = AppIcon;
				ASSETCATALOG_COMPILER_GLOBAL_ACCENT_COLOR_NAME = AccentColor;
				CODE_SIGN_STYLE = Automatic;
				CURRENT_PROJECT_VERSION = 1;
				DEVELOPMENT_TEAM = 6U5233X9SB;
				GENERATE_INFOPLIST_FILE = YES;
				INFOPLIST_FILE = authSystemClient/SupportFile/Info.plist;
				INFOPLIST_KEY_UIApplicationSupportsIndirectInputEvents = YES;
				INFOPLIST_KEY_UILaunchStoryboardName = LaunchScreen;
				INFOPLIST_KEY_UIMainStoryboardFile = Main;
				INFOPLIST_KEY_UISupportedInterfaceOrientations_iPad = "UIInterfaceOrientationPortrait UIInterfaceOrientationPortraitUpsideDown UIInterfaceOrientationLandscapeLeft UIInterfaceOrientationLandscapeRight";
				INFOPLIST_KEY_UISupportedInterfaceOrientations_iPhone = "UIInterfaceOrientationPortrait UIInterfaceOrientationLandscapeLeft UIInterfaceOrientationLandscapeRight";
				LD_RUNPATH_SEARCH_PATHS = (
					"$(inherited)",
					"@executable_path/Frameworks",
				);
				MARKETING_VERSION = 1.0;
				PRODUCT_BUNDLE_IDENTIFIER = sgs.devCamp.authSystemClient;
				PRODUCT_NAME = "$(TARGET_NAME)";
				SWIFT_EMIT_LOC_STRINGS = YES;
				SWIFT_VERSION = 5.0;
				TARGETED_DEVICE_FAMILY = "1,2";
			};
			name = Release;
		};
/* End XCBuildConfiguration section */

/* Begin XCConfigurationList section */
		7BAC8C60276F52D2003A752C /* Build configuration list for PBXProject "authSystemClient" */ = {
			isa = XCConfigurationList;
			buildConfigurations = (
				7BAC8C77276F52D4003A752C /* Debug */,
				7BAC8C78276F52D4003A752C /* Release */,
			);
			defaultConfigurationIsVisible = 0;
			defaultConfigurationName = Release;
		};
		7BAC8C79276F52D4003A752C /* Build configuration list for PBXNativeTarget "authSystemClient" */ = {
			isa = XCConfigurationList;
			buildConfigurations = (
				7BAC8C7A276F52D4003A752C /* Debug */,
				7BAC8C7B276F52D4003A752C /* Release */,
			);
			defaultConfigurationIsVisible = 0;
			defaultConfigurationName = Release;
		};
/* End XCConfigurationList section */
	};
	rootObject = 7BAC8C5D276F52D2003A752C /* Project object */;
}
